
Microsoft Visual Studio Solution File, Format Version 12.00
# Visual Studio Version 17
VisualStudioVersion = 17.9.34902.65
MinimumVisualStudioVersion = 10.0.40219.1
Project("{FAE04EC0-301F-11D3-BF4B-00C04F79EFBC}") = "Library.API", "Library.Back\Library.API.csproj", "{1FF706B0-8EB8-4B49-84AB-A5EBE1882C8D}"
EndProject
Project("{2150E333-8FDC-42A3-9474-1A3956D46DE8}") = "SQL", "SQL", "{60E4CE3C-B5F8-4234-B933-F0F3334D0967}"
	ProjectSection(SolutionItems) = preProject
		init.sql = init.sql
	EndProjectSection
EndProject
Project("{FAE04EC0-301F-11D3-BF4B-00C04F79EFBC}") = "Library.Core", "Library.Core\Library.Core.csproj", "{73ACAB16-7733-4E7F-A1AC-8745614B8995}"
EndProject
Project("{FAE04EC0-301F-11D3-BF4B-00C04F79EFBC}") = "Library.Repositories", "Library.Repositories\Library.Repositories.csproj", "{61BCE9CC-DE3C-4E2E-8825-196792347C9B}"
EndProject
Project("{FAE04EC0-301F-11D3-BF4B-00C04F79EFBC}") = "Library.Services", "Library.Services\Library.Services.csproj", "{BB59F423-0590-43AC-AD95-CC9644D5B3BF}"
EndProject
Global
	GlobalSection(SolutionConfigurationPlatforms) = preSolution
		Debug|Any CPU = Debug|Any CPU
		Release|Any CPU = Release|Any CPU
	EndGlobalSection
	GlobalSection(ProjectConfigurationPlatforms) = postSolution
		{1FF706B0-8EB8-4B49-84AB-A5EBE1882C8D}.Debug|Any CPU.ActiveCfg = Debug|Any CPU
		{1FF706B0-8EB8-4B49-84AB-A5EBE1882C8D}.Debug|Any CPU.Build.0 = Debug|Any CPU
		{1FF706B0-8EB8-4B49-84AB-A5EBE1882C8D}.Release|Any CPU.ActiveCfg = Release|Any CPU
		{1FF706B0-8EB8-4B49-84AB-A5EBE1882C8D}.Release|Any CPU.Build.0 = Release|Any CPU
		{73ACAB16-7733-4E7F-A1AC-8745614B8995}.Debug|Any CPU.ActiveCfg = Debug|Any CPU
		{73ACAB16-7733-4E7F-A1AC-8745614B8995}.Debug|Any CPU.Build.0 = Debug|Any CPU
		{73ACAB16-7733-4E7F-A1AC-8745614B8995}.Release|Any CPU.ActiveCfg = Release|Any CPU
		{73ACAB16-7733-4E7F-A1AC-8745614B8995}.Release|Any CPU.Build.0 = Release|Any CPU
		{61BCE9CC-DE3C-4E2E-8825-196792347C9B}.Debug|Any CPU.ActiveCfg = Debug|Any CPU
		{61BCE9CC-DE3C-4E2E-8825-196792347C9B}.Debug|Any CPU.Build.0 = Debug|Any CPU
		{61BCE9CC-DE3C-4E2E-8825-196792347C9B}.Release|Any CPU.ActiveCfg = Release|Any CPU
		{61BCE9CC-DE3C-4E2E-8825-196792347C9B}.Release|Any CPU.Build.0 = Release|Any CPU
		{BB59F423-0590-43AC-AD95-CC9644D5B3BF}.Debug|Any CPU.ActiveCfg = Debug|Any CPU
		{BB59F423-0590-43AC-AD95-CC9644D5B3BF}.Debug|Any CPU.Build.0 = Debug|Any CPU
		{BB59F423-0590-43AC-AD95-CC9644D5B3BF}.Release|Any CPU.ActiveCfg = Release|Any CPU
		{BB59F423-0590-43AC-AD95-CC9644D5B3BF}.Release|Any CPU.Build.0 = Release|Any CPU
	EndGlobalSection
	GlobalSection(SolutionProperties) = preSolution
		HideSolutionNode = FALSE
	EndGlobalSection
	GlobalSection(ExtensibilityGlobals) = postSolution
		SolutionGuid = {4C34D596-7415-4B69-832F-459D448ECFA1}
	EndGlobalSection
EndGlobal
